// !$*UTF8*$!
{
	archiveVersion = 1;
	classes = {
	};
	objectVersion = 56;
	objects = {

/* Begin PBXBuildFile section */
		8741928E2AF5FE3C00FA0422 /* HeroHeadeUIView.swift in Sources */ = {isa = PBXBuildFile; fileRef = 8741928D2AF5FE3C00FA0422 /* HeroHeadeUIView.swift */; };
		8754D4EB2AF3FCDC006B79E8 /* CollectionViewTableViewCell.swift in Sources */ = {isa = PBXBuildFile; fileRef = 8754D4EA2AF3FCDC006B79E8 /* CollectionViewTableViewCell.swift */; };
		875945402AEAB4BF00290A0A /* HomeViewController.swift in Sources */ = {isa = PBXBuildFile; fileRef = 8759453F2AEAB4BF00290A0A /* HomeViewController.swift */; };
		875945422AEAB4EC00290A0A /* UpcomingViewController.swift in Sources */ = {isa = PBXBuildFile; fileRef = 875945412AEAB4EC00290A0A /* UpcomingViewController.swift */; };
		875945442AEAB52900290A0A /* SearchViewController.swift in Sources */ = {isa = PBXBuildFile; fileRef = 875945432AEAB52900290A0A /* SearchViewController.swift */; };
		875945462AEAB54800290A0A /* DownloadsViewController.swift in Sources */ = {isa = PBXBuildFile; fileRef = 875945452AEAB54800290A0A /* DownloadsViewController.swift */; };
		877AD8AD2B48FF6600BEB7D5 /* APICaller.swift in Sources */ = {isa = PBXBuildFile; fileRef = 877AD8AC2B48FF6600BEB7D5 /* APICaller.swift */; };
		877AD8AF2B49051100BEB7D5 /* Movie.swift in Sources */ = {isa = PBXBuildFile; fileRef = 877AD8AE2B49051100BEB7D5 /* Movie.swift */; };
		877AD8B12B490B0D00BEB7D5 /* Extensions.swift in Sources */ = {isa = PBXBuildFile; fileRef = 877AD8B02B490B0D00BEB7D5 /* Extensions.swift */; };
		877AD8B32B490D2A00BEB7D5 /* Tv.swift in Sources */ = {isa = PBXBuildFile; fileRef = 877AD8B22B490D2A00BEB7D5 /* Tv.swift */; };
		87FCEA2A2ADC7FAE00D0489D /* AppDelegate.swift in Sources */ = {isa = PBXBuildFile; fileRef = 87FCEA292ADC7FAE00D0489D /* AppDelegate.swift */; };
		87FCEA2C2ADC7FAE00D0489D /* SceneDelegate.swift in Sources */ = {isa = PBXBuildFile; fileRef = 87FCEA2B2ADC7FAE00D0489D /* SceneDelegate.swift */; };
		87FCEA2E2ADC7FAE00D0489D /* MainTabBarViewController.swift in Sources */ = {isa = PBXBuildFile; fileRef = 87FCEA2D2ADC7FAE00D0489D /* MainTabBarViewController.swift */; };
		87FCEA332ADC7FB000D0489D /* Assets.xcassets in Resources */ = {isa = PBXBuildFile; fileRef = 87FCEA322ADC7FB000D0489D /* Assets.xcassets */; };
		87FCEA362ADC7FB000D0489D /* LaunchScreen.storyboard in Resources */ = {isa = PBXBuildFile; fileRef = 87FCEA342ADC7FB000D0489D /* LaunchScreen.storyboard */; };
/* End PBXBuildFile section */

/* Begin PBXFileReference section */
		8741928D2AF5FE3C00FA0422 /* HeroHeadeUIView.swift */ = {isa = PBXFileReference; lastKnownFileType = sourcecode.swift; path = HeroHeadeUIView.swift; sourceTree = "<group>"; };
		8754D4EA2AF3FCDC006B79E8 /* CollectionViewTableViewCell.swift */ = {isa = PBXFileReference; lastKnownFileType = sourcecode.swift; path = CollectionViewTableViewCell.swift; sourceTree = "<group>"; };
		8759453F2AEAB4BF00290A0A /* HomeViewController.swift */ = {isa = PBXFileReference; lastKnownFileType = sourcecode.swift; path = HomeViewController.swift; sourceTree = "<group>"; };
		875945412AEAB4EC00290A0A /* UpcomingViewController.swift */ = {isa = PBXFileReference; lastKnownFileType = sourcecode.swift; path = UpcomingViewController.swift; sourceTree = "<group>"; };
		875945432AEAB52900290A0A /* SearchViewController.swift */ = {isa = PBXFileReference; lastKnownFileType = sourcecode.swift; path = SearchViewController.swift; sourceTree = "<group>"; };
		875945452AEAB54800290A0A /* DownloadsViewController.swift */ = {isa = PBXFileReference; lastKnownFileType = sourcecode.swift; path = DownloadsViewController.swift; sourceTree = "<group>"; };
		877AD8AC2B48FF6600BEB7D5 /* APICaller.swift */ = {isa = PBXFileReference; lastKnownFileType = sourcecode.swift; path = APICaller.swift; sourceTree = "<group>"; };
		877AD8AE2B49051100BEB7D5 /* Movie.swift */ = {isa = PBXFileReference; lastKnownFileType = sourcecode.swift; path = Movie.swift; sourceTree = "<group>"; };
		877AD8B02B490B0D00BEB7D5 /* Extensions.swift */ = {isa = PBXFileReference; lastKnownFileType = sourcecode.swift; path = Extensions.swift; sourceTree = "<group>"; };
		877AD8B22B490D2A00BEB7D5 /* Tv.swift */ = {isa = PBXFileReference; lastKnownFileType = sourcecode.swift; path = Tv.swift; sourceTree = "<group>"; };
		87FCEA262ADC7FAE00D0489D /* Netflix Clone.app */ = {isa = PBXFileReference; explicitFileType = wrapper.application; includeInIndex = 0; path = "Netflix Clone.app"; sourceTree = BUILT_PRODUCTS_DIR; };
		87FCEA292ADC7FAE00D0489D /* AppDelegate.swift */ = {isa = PBXFileReference; lastKnownFileType = sourcecode.swift; path = AppDelegate.swift; sourceTree = "<group>"; };
		87FCEA2B2ADC7FAE00D0489D /* SceneDelegate.swift */ = {isa = PBXFileReference; lastKnownFileType = sourcecode.swift; path = SceneDelegate.swift; sourceTree = "<group>"; };
		87FCEA2D2ADC7FAE00D0489D /* MainTabBarViewController.swift */ = {isa = PBXFileReference; lastKnownFileType = sourcecode.swift; path = MainTabBarViewController.swift; sourceTree = "<group>"; };
		87FCEA322ADC7FB000D0489D /* Assets.xcassets */ = {isa = PBXFileReference; lastKnownFileType = folder.assetcatalog; path = Assets.xcassets; sourceTree = "<group>"; };
		87FCEA352ADC7FB000D0489D /* Base */ = {isa = PBXFileReference; lastKnownFileType = file.storyboard; name = Base; path = Base.lproj/LaunchScreen.storyboard; sourceTree = "<group>"; };
		87FCEA372ADC7FB000D0489D /* Info.plist */ = {isa = PBXFileReference; lastKnownFileType = text.plist.xml; path = Info.plist; sourceTree = "<group>"; };
/* End PBXFileReference section */

/* Begin PBXFrameworksBuildPhase section */
		87FCEA232ADC7FAE00D0489D /* Frameworks */ = {
			isa = PBXFrameworksBuildPhase;
			buildActionMask = 2147483647;
			files = (
			);
			runOnlyForDeploymentPostprocessing = 0;
		};
/* End PBXFrameworksBuildPhase section */

/* Begin PBXGroup section */
		8754D4E52AF3FA9A006B79E8 /* Views */ = {
			isa = PBXGroup;
			children = (
				8754D4EA2AF3FCDC006B79E8 /* CollectionViewTableViewCell.swift */,
				8741928D2AF5FE3C00FA0422 /* HeroHeadeUIView.swift */,
			);
			path = Views;
			sourceTree = "<group>";
		};
		8754D4E62AF3FAA4006B79E8 /* ViewModels */ = {
			isa = PBXGroup;
			children = (
			);
			path = ViewModels;
			sourceTree = "<group>";
		};
		8754D4E72AF3FAAD006B79E8 /* Models */ = {
			isa = PBXGroup;
			children = (
				877AD8AE2B49051100BEB7D5 /* Movie.swift */,
				877AD8B22B490D2A00BEB7D5 /* Tv.swift */,
			);
			path = Models;
			sourceTree = "<group>";
		};
		8754D4E82AF3FACC006B79E8 /* Resources */ = {
			isa = PBXGroup;
			children = (
				877AD8B02B490B0D00BEB7D5 /* Extensions.swift */,
			);
			path = Resources;
			sourceTree = "<group>";
		};
		8754D4E92AF3FAD5006B79E8 /* Managers */ = {
			isa = PBXGroup;
			children = (
				877AD8AC2B48FF6600BEB7D5 /* APICaller.swift */,
			);
			path = Managers;
			sourceTree = "<group>";
		};
		877BCE2D2AEAB2730035C230 /* Controllers */ = {
			isa = PBXGroup;
			children = (
				8759453F2AEAB4BF00290A0A /* HomeViewController.swift */,
				875945412AEAB4EC00290A0A /* UpcomingViewController.swift */,
				875945432AEAB52900290A0A /* SearchViewController.swift */,
				875945452AEAB54800290A0A /* DownloadsViewController.swift */,
			);
			path = Controllers;
			sourceTree = "<group>";
		};
		87FCEA1D2ADC7FAE00D0489D = {
			isa = PBXGroup;
			children = (
				87FCEA282ADC7FAE00D0489D /* Netflix Clone */,
				87FCEA272ADC7FAE00D0489D /* Products */,
			);
			sourceTree = "<group>";
		};
		87FCEA272ADC7FAE00D0489D /* Products */ = {
			isa = PBXGroup;
			children = (
				87FCEA262ADC7FAE00D0489D /* Netflix Clone.app */,
			);
			name = Products;
			sourceTree = "<group>";
		};
		87FCEA282ADC7FAE00D0489D /* Netflix Clone */ = {
			isa = PBXGroup;
			children = (
				8754D4E92AF3FAD5006B79E8 /* Managers */,
				8754D4E82AF3FACC006B79E8 /* Resources */,
				8754D4E72AF3FAAD006B79E8 /* Models */,
				8754D4E62AF3FAA4006B79E8 /* ViewModels */,
				8754D4E52AF3FA9A006B79E8 /* Views */,
				877BCE2D2AEAB2730035C230 /* Controllers */,
				87FCEA292ADC7FAE00D0489D /* AppDelegate.swift */,
				87FCEA2B2ADC7FAE00D0489D /* SceneDelegate.swift */,
				87FCEA2D2ADC7FAE00D0489D /* MainTabBarViewController.swift */,
				87FCEA322ADC7FB000D0489D /* Assets.xcassets */,
				87FCEA342ADC7FB000D0489D /* LaunchScreen.storyboard */,
				87FCEA372ADC7FB000D0489D /* Info.plist */,
			);
			path = "Netflix Clone";
			sourceTree = "<group>";
		};
/* End PBXGroup section */

/* Begin PBXNativeTarget section */
		87FCEA252ADC7FAE00D0489D /* Netflix Clone */ = {
			isa = PBXNativeTarget;
			buildConfigurationList = 87FCEA3A2ADC7FB000D0489D /* Build configuration list for PBXNativeTarget "Netflix Clone" */;
			buildPhases = (
				87FCEA222ADC7FAE00D0489D /* Sources */,
				87FCEA232ADC7FAE00D0489D /* Frameworks */,
				87FCEA242ADC7FAE00D0489D /* Resources */,
			);
			buildRules = (
			);
			dependencies = (
			);
			name = "Netflix Clone";
			productName = "Netflix Clone";
			productReference = 87FCEA262ADC7FAE00D0489D /* Netflix Clone.app */;
			productType = "com.apple.product-type.application";
		};
/* End PBXNativeTarget section */

/* Begin PBXProject section */
		87FCEA1E2ADC7FAE00D0489D /* Project object */ = {
			isa = PBXProject;
			attributes = {
				BuildIndependentTargetsInParallel = 1;
				LastSwiftUpdateCheck = 1500;
				LastUpgradeCheck = 1500;
				TargetAttributes = {
					87FCEA252ADC7FAE00D0489D = {
						CreatedOnToolsVersion = 15.0;
					};
				};
			};
			buildConfigurationList = 87FCEA212ADC7FAE00D0489D /* Build configuration list for PBXProject "Netflix Clone" */;
			compatibilityVersion = "Xcode 14.0";
			developmentRegion = en;
			hasScannedForEncodings = 0;
			knownRegions = (
				en,
				Base,
			);
			mainGroup = 87FCEA1D2ADC7FAE00D0489D;
			productRefGroup = 87FCEA272ADC7FAE00D0489D /* Products */;
			projectDirPath = "";
			projectRoot = "";
			targets = (
				87FCEA252ADC7FAE00D0489D /* Netflix Clone */,
			);
		};
/* End PBXProject section */

/* Begin PBXResourcesBuildPhase section */
		87FCEA242ADC7FAE00D0489D /* Resources */ = {
			isa = PBXResourcesBuildPhase;
			buildActionMask = 2147483647;
			files = (
				87FCEA362ADC7FB000D0489D /* LaunchScreen.storyboard in Resources */,
				87FCEA332ADC7FB000D0489D /* Assets.xcassets in Resources */,
			);
			runOnlyForDeploymentPostprocessing = 0;
		};
/* End PBXResourcesBuildPhase section */

/* Begin PBXSourcesBuildPhase section */
		87FCEA222ADC7FAE00D0489D /* Sources */ = {
			isa = PBXSourcesBuildPhase;
			buildActionMask = 2147483647;
			files = (
				875945442AEAB52900290A0A /* SearchViewController.swift in Sources */,
				87FCEA2E2ADC7FAE00D0489D /* MainTabBarViewController.swift in Sources */,
				8754D4EB2AF3FCDC006B79E8 /* CollectionViewTableViewCell.swift in Sources */,
				877AD8AD2B48FF6600BEB7D5 /* APICaller.swift in Sources */,
				875945462AEAB54800290A0A /* DownloadsViewController.swift in Sources */,
				87FCEA2A2ADC7FAE00D0489D /* AppDelegate.swift in Sources */,
				8741928E2AF5FE3C00FA0422 /* HeroHeadeUIView.swift in Sources */,
				877AD8B12B490B0D00BEB7D5 /* Extensions.swift in Sources */,
				87FCEA2C2ADC7FAE00D0489D /* SceneDelegate.swift in Sources */,
				875945422AEAB4EC00290A0A /* UpcomingViewController.swift in Sources */,
				877AD8AF2B49051100BEB7D5 /* Movie.swift in Sources */,
				877AD8B32B490D2A00BEB7D5 /* Tv.swift in Sources */,
				875945402AEAB4BF00290A0A /* HomeViewController.swift in Sources */,
			);
			runOnlyForDeploymentPostprocessing = 0;
		};
/* End PBXSourcesBuildPhase section */

/* Begin PBXVariantGroup section */
		87FCEA342ADC7FB000D0489D /* LaunchScreen.storyboard */ = {
			isa = PBXVariantGroup;
			children = (
				87FCEA352ADC7FB000D0489D /* Base */,
			);
			name = LaunchScreen.storyboard;
			sourceTree = "<group>";
		};
/* End PBXVariantGroup section */

/* Begin XCBuildConfiguration section */
		87FCEA382ADC7FB000D0489D /* Debug */ = {
			isa = XCBuildConfiguration;
			buildSettings = {
				ALWAYS_SEARCH_USER_PATHS = NO;
				ASSETCATALOG_COMPILER_GENERATE_SWIFT_ASSET_SYMBOL_EXTENSIONS = YES;
				CLANG_ANALYZER_NONNULL = YES;
				CLANG_ANALYZER_NUMBER_OBJECT_CONVERSION = YES_AGGRESSIVE;
				CLANG_CXX_LANGUAGE_STANDARD = "gnu++20";
				CLANG_ENABLE_MODULES = YES;
				CLANG_ENABLE_OBJC_ARC = YES;
				CLANG_ENABLE_OBJC_WEAK = YES;
				CLANG_WARN_BLOCK_CAPTURE_AUTORELEASING = YES;
				CLANG_WARN_BOOL_CONVERSION = YES;
				CLANG_WARN_COMMA = YES;
				CLANG_WARN_CONSTANT_CONVERSION = YES;
				CLANG_WARN_DEPRECATED_OBJC_IMPLEMENTATIONS = YES;
				CLANG_WARN_DIRECT_OBJC_ISA_USAGE = YES_ERROR;
				CLANG_WARN_DOCUMENTATION_COMMENTS = YES;
				CLANG_WARN_EMPTY_BODY = YES;
				CLANG_WARN_ENUM_CONVERSION = YES;
				CLANG_WARN_INFINITE_RECURSION = YES;
				CLANG_WARN_INT_CONVERSION = YES;
				CLANG_WARN_NON_LITERAL_NULL_CONVERSION = YES;
				CLANG_WARN_OBJC_IMPLICIT_RETAIN_SELF = YES;
				CLANG_WARN_OBJC_LITERAL_CONVERSION = YES;
				CLANG_WARN_OBJC_ROOT_CLASS = YES_ERROR;
				CLANG_WARN_QUOTED_INCLUDE_IN_FRAMEWORK_HEADER = YES;
				CLANG_WARN_RANGE_LOOP_ANALYSIS = YES;
				CLANG_WARN_STRICT_PROTOTYPES = YES;
				CLANG_WARN_SUSPICIOUS_MOVE = YES;
				CLANG_WARN_UNGUARDED_AVAILABILITY = YES_AGGRESSIVE;
				CLANG_WARN_UNREACHABLE_CODE = YES;
				CLANG_WARN__DUPLICATE_METHOD_MATCH = YES;
				COPY_PHASE_STRIP = NO;
				DEBUG_INFORMATION_FORMAT = dwarf;
				ENABLE_STRICT_OBJC_MSGSEND = YES;
				ENABLE_TESTABILITY = YES;
				ENABLE_USER_SCRIPT_SANDBOXING = YES;
				GCC_C_LANGUAGE_STANDARD = gnu17;
				GCC_DYNAMIC_NO_PIC = NO;
				GCC_NO_COMMON_BLOCKS = YES;
				GCC_OPTIMIZATION_LEVEL = 0;
				GCC_PREPROCESSOR_DEFINITIONS = (
					"DEBUG=1",
					"$(inherited)",
				);
				GCC_WARN_64_TO_32_BIT_CONVERSION = YES;
				GCC_WARN_ABOUT_RETURN_TYPE = YES_ERROR;
				GCC_WARN_UNDECLARED_SELECTOR = YES;
				GCC_WARN_UNINITIALIZED_AUTOS = YES_AGGRESSIVE;
				GCC_WARN_UNUSED_FUNCTION = YES;
				GCC_WARN_UNUSED_VARIABLE = YES;
				IPHONEOS_DEPLOYMENT_TARGET = 17.0;
				LOCALIZATION_PREFERS_STRING_CATALOGS = YES;
				MTL_ENABLE_DEBUG_INFO = INCLUDE_SOURCE;
				MTL_FAST_MATH = YES;
				ONLY_ACTIVE_ARCH = YES;
				SDKROOT = iphoneos;
				SWIFT_ACTIVE_COMPILATION_CONDITIONS = "DEBUG $(inherited)";
				SWIFT_OPTIMIZATION_LEVEL = "-Onone";
			};
			name = Debug;
		};
		87FCEA392ADC7FB000D0489D /* Release */ = {
			isa = XCBuildConfiguration;
			buildSettings = {
				ALWAYS_SEARCH_USER_PATHS = NO;
				ASSETCATALOG_COMPILER_GENERATE_SWIFT_ASSET_SYMBOL_EXTENSIONS = YES;
				CLANG_ANALYZER_NONNULL = YES;
				CLANG_ANALYZER_NUMBER_OBJECT_CONVERSION = YES_AGGRESSIVE;
				CLANG_CXX_LANGUAGE_STANDARD = "gnu++20";
				CLANG_ENABLE_MODULES = YES;
				CLANG_ENABLE_OBJC_ARC = YES;
				CLANG_ENABLE_OBJC_WEAK = YES;
				CLANG_WARN_BLOCK_CAPTURE_AUTORELEASING = YES;
				CLANG_WARN_BOOL_CONVERSION = YES;
				CLANG_WARN_COMMA = YES;
				CLANG_WARN_CONSTANT_CONVERSION = YES;
				CLANG_WARN_DEPRECATED_OBJC_IMPLEMENTATIONS = YES;
				CLANG_WARN_DIRECT_OBJC_ISA_USAGE = YES_ERROR;
				CLANG_WARN_DOCUMENTATION_COMMENTS = YES;
				CLANG_WARN_EMPTY_BODY = YES;
				CLANG_WARN_ENUM_CONVERSION = YES;
				CLANG_WARN_INFINITE_RECURSION = YES;
				CLANG_WARN_INT_CONVERSION = YES;
				CLANG_WARN_NON_LITERAL_NULL_CONVERSION = YES;
				CLANG_WARN_OBJC_IMPLICIT_RETAIN_SELF = YES;
				CLANG_WARN_OBJC_LITERAL_CONVERSION = YES;
				CLANG_WARN_OBJC_ROOT_CLASS = YES_ERROR;
				CLANG_WARN_QUOTED_INCLUDE_IN_FRAMEWORK_HEADER = YES;
				CLANG_WARN_RANGE_LOOP_ANALYSIS = YES;
				CLANG_WARN_STRICT_PROTOTYPES = YES;
				CLANG_WARN_SUSPICIOUS_MOVE = YES;
				CLANG_WARN_UNGUARDED_AVAILABILITY = YES_AGGRESSIVE;
				CLANG_WARN_UNREACHABLE_CODE = YES;
				CLANG_WARN__DUPLICATE_METHOD_MATCH = YES;
				COPY_PHASE_STRIP = NO;
				DEBUG_INFORMATION_FORMAT = "dwarf-with-dsym";
				ENABLE_NS_ASSERTIONS = NO;
				ENABLE_STRICT_OBJC_MSGSEND = YES;
				ENABLE_USER_SCRIPT_SANDBOXING = YES;
				GCC_C_LANGUAGE_STANDARD = gnu17;
				GCC_NO_COMMON_BLOCKS = YES;
				GCC_WARN_64_TO_32_BIT_CONVERSION = YES;
				GCC_WARN_ABOUT_RETURN_TYPE = YES_ERROR;
				GCC_WARN_UNDECLARED_SELECTOR = YES;
				GCC_WARN_UNINITIALIZED_AUTOS = YES_AGGRESSIVE;
				GCC_WARN_UNUSED_FUNCTION = YES;
				GCC_WARN_UNUSED_VARIABLE = YES;
				IPHONEOS_DEPLOYMENT_TARGET = 17.0;
				LOCALIZATION_PREFERS_STRING_CATALOGS = YES;
				MTL_ENABLE_DEBUG_INFO = NO;
				MTL_FAST_MATH = YES;
				SDKROOT = iphoneos;
				SWIFT_COMPILATION_MODE = wholemodule;
				VALIDATE_PRODUCT = YES;
			};
			name = Release;
		};
		87FCEA3B2ADC7FB000D0489D /* Debug */ = {
			isa = XCBuildConfiguration;
			buildSettings = {
				ASSETCATALOG_COMPILER_APPICON_NAME = AppIcon;
				ASSETCATALOG_COMPILER_GLOBAL_ACCENT_COLOR_NAME = AccentColor;
				CODE_SIGN_STYLE = Automatic;
				CURRENT_PROJECT_VERSION = 1;
				DEVELOPMENT_TEAM = AK4MLD22QR;
				GENERATE_INFOPLIST_FILE = YES;
				INFOPLIST_FILE = "Netflix Clone/Info.plist";
				INFOPLIST_KEY_UIApplicationSupportsIndirectInputEvents = YES;
				INFOPLIST_KEY_UILaunchStoryboardName = LaunchScreen;
				INFOPLIST_KEY_UISupportedInterfaceOrientations_iPad = "UIInterfaceOrientationPortrait UIInterfaceOrientationPortraitUpsideDown UIInterfaceOrientationLandscapeLeft UIInterfaceOrientationLandscapeRight";
				INFOPLIST_KEY_UISupportedInterfaceOrientations_iPhone = "UIInterfaceOrientationPortrait UIInterfaceOrientationLandscapeLeft UIInterfaceOrientationLandscapeRight";
				LD_RUNPATH_SEARCH_PATHS = (
					"$(inherited)",
					"@executable_path/Frameworks",
				);
				MARKETING_VERSION = 1.0;
				PRODUCT_BUNDLE_IDENTIFIER = "com.test.Netflix-Clone";
				PRODUCT_NAME = "$(TARGET_NAME)";
				SWIFT_EMIT_LOC_STRINGS = YES;
				SWIFT_VERSION = 5.0;
				TARGETED_DEVICE_FAMILY = "1,2";
			};
			name = Debug;
		};
		87FCEA3C2ADC7FB000D0489D /* Release */ = {
			isa = XCBuildConfiguration;
			buildSettings = {
				ASSETCATALOG_COMPILER_APPICON_NAME = AppIcon;
				ASSETCATALOG_COMPILER_GLOBAL_ACCENT_COLOR_NAME = AccentColor;
				CODE_SIGN_STYLE = Automatic;
				CURRENT_PROJECT_VERSION = 1;
				DEVELOPMENT_TEAM = AK4MLD22QR;
				GENERATE_INFOPLIST_FILE = YES;
				INFOPLIST_FILE = "Netflix Clone/Info.plist";
				INFOPLIST_KEY_UIApplicationSupportsIndirectInputEvents = YES;
				INFOPLIST_KEY_UILaunchStoryboardName = LaunchScreen;
				INFOPLIST_KEY_UISupportedInterfaceOrientations_iPad = "UIInterfaceOrientationPortrait UIInterfaceOrientationPortraitUpsideDown UIInterfaceOrientationLandscapeLeft UIInterfaceOrientationLandscapeRight";
				INFOPLIST_KEY_UISupportedInterfaceOrientations_iPhone = "UIInterfaceOrientationPortrait UIInterfaceOrientationLandscapeLeft UIInterfaceOrientationLandscapeRight";
				LD_RUNPATH_SEARCH_PATHS = (
					"$(inherited)",
					"@executable_path/Frameworks",
				);
				MARKETING_VERSION = 1.0;
				PRODUCT_BUNDLE_IDENTIFIER = "com.test.Netflix-Clone";
				PRODUCT_NAME = "$(TARGET_NAME)";
				SWIFT_EMIT_LOC_STRINGS = YES;
				SWIFT_VERSION = 5.0;
				TARGETED_DEVICE_FAMILY = "1,2";
			};
			name = Release;
		};
/* End XCBuildConfiguration section */

/* Begin XCConfigurationList section */
		87FCEA212ADC7FAE00D0489D /* Build configuration list for PBXProject "Netflix Clone" */ = {
			isa = XCConfigurationList;
			buildConfigurations = (
				87FCEA382ADC7FB000D0489D /* Debug */,
				87FCEA392ADC7FB000D0489D /* Release */,
			);
			defaultConfigurationIsVisible = 0;
			defaultConfigurationName = Release;
		};
		87FCEA3A2ADC7FB000D0489D /* Build configuration list for PBXNativeTarget "Netflix Clone" */ = {
			isa = XCConfigurationList;
			buildConfigurations = (
				87FCEA3B2ADC7FB000D0489D /* Debug */,
				87FCEA3C2ADC7FB000D0489D /* Release */,
			);
			defaultConfigurationIsVisible = 0;
			defaultConfigurationName = Release;
		};
/* End XCConfigurationList section */
	};
	rootObject = 87FCEA1E2ADC7FAE00D0489D /* Project object */;
}
